
Microsoft Visual Studio Solution File, Format Version 12.00
# Visual Studio Version 17
VisualStudioVersion = 17.3.32901.215
MinimumVisualStudioVersion = 10.0.40219.1
Project("{FAE04EC0-301F-11D3-BF4B-00C04F79EFBC}") = "ProductReviewManagement", "ProductReviewManagement\ProductReviewManagement.csproj", "{35074AF5-8652-4E83-9B7E-3DCED183694F}"
EndProject
Global
	GlobalSection(SolutionConfigurationPlatforms) = preSolution
		Debug|Any CPU = Debug|Any CPU
		Release|Any CPU = Release|Any CPU
	EndGlobalSection
	GlobalSection(ProjectConfigurationPlatforms) = postSolution
		{35074AF5-8652-4E83-9B7E-3DCED183694F}.Debug|Any CPU.ActiveCfg = Debug|Any CPU
		{35074AF5-8652-4E83-9B7E-3DCED183694F}.Debug|Any CPU.Build.0 = Debug|Any CPU
		{35074AF5-8652-4E83-9B7E-3DCED183694F}.Release|Any CPU.ActiveCfg = Release|Any CPU
		{35074AF5-8652-4E83-9B7E-3DCED183694F}.Release|Any CPU.Build.0 = Release|Any CPU
	EndGlobalSection
	GlobalSection(SolutionProperties) = preSolution
		HideSolutionNode = FALSE
	EndGlobalSection
	GlobalSection(ExtensibilityGlobals) = postSolution
		SolutionGuid = {A97E0A50-98AD-4935-BC78-A743CCCE62A2}
	EndGlobalSection
EndGlobal
